Microsoft Visual Studio Solution File, Format Version 12.00
# Visual Studio 2012
Project("{FAE04EC0-301F-11D3-BF4B-00C04F79EFBC}") = "Cs001", "Cs001.csproj", "{0925207A-0CF6-4E9B-BB8B-AE1102A35E8D}"
EndProject
Global
	GlobalSection(SolutionConfigurationPlatforms) = preSolution
	Debug|Any CPU = Debug|Any CPU
	ExportDebug|Any CPU = ExportDebug|Any CPU
	ExportRelease|Any CPU = ExportRelease|Any CPU
	EndGlobalSection
	GlobalSection(ProjectConfigurationPlatforms) = postSolution
		{0925207A-0CF6-4E9B-BB8B-AE1102A35E8D}.Debug|Any CPU.ActiveCfg = Debug|Any CPU
		{0925207A-0CF6-4E9B-BB8B-AE1102A35E8D}.Debug|Any CPU.Build.0 = Debug|Any CPU
		{0925207A-0CF6-4E9B-BB8B-AE1102A35E8D}.ExportDebug|Any CPU.ActiveCfg = ExportDebug|Any CPU
		{0925207A-0CF6-4E9B-BB8B-AE1102A35E8D}.ExportDebug|Any CPU.Build.0 = ExportDebug|Any CPU
		{0925207A-0CF6-4E9B-BB8B-AE1102A35E8D}.ExportRelease|Any CPU.ActiveCfg = ExportRelease|Any CPU
		{0925207A-0CF6-4E9B-BB8B-AE1102A35E8D}.ExportRelease|Any CPU.Build.0 = ExportRelease|Any CPU
	EndGlobalSection
EndGlobal
